
Microsoft Visual Studio Solution File, Format Version 12.00
Project("{FAE04EC0-301F-11D3-BF4B-00C04F79EFBC}") = "Selene.Collections", "Selene.Collections\Selene.Collections.csproj", "{20B974EF-B31D-43E0-9D57-60B3D6D0C28F}"
EndProject
Project("{FAE04EC0-301F-11D3-BF4B-00C04F79EFBC}") = "Selene.Collections.UnitTests", "UnitTests\Selene.Collections.UnitTests\Selene.Collections.UnitTests.csproj", "{EBF0FA49-39B5-48F0-9E33-389FE14E89A8}"
EndProject
Project("{2150E333-8FDC-42A3-9474-1A3956D46DE8}") = "UnitTests", "UnitTests", "{EB0A38AD-A8B1-4A09-852B-A451D2641C54}"
EndProject
Global
	GlobalSection(SolutionConfigurationPlatforms) = preSolution
		Debug|Any CPU = Debug|Any CPU
		Release|Any CPU = Release|Any CPU
	EndGlobalSection
	GlobalSection(ProjectConfigurationPlatforms) = postSolution
		{20B974EF-B31D-43E0-9D57-60B3D6D0C28F}.Debug|Any CPU.ActiveCfg = Debug|Any CPU
		{20B974EF-B31D-43E0-9D57-60B3D6D0C28F}.Debug|Any CPU.Build.0 = Debug|Any CPU
		{20B974EF-B31D-43E0-9D57-60B3D6D0C28F}.Release|Any CPU.ActiveCfg = Release|Any CPU
		{20B974EF-B31D-43E0-9D57-60B3D6D0C28F}.Release|Any CPU.Build.0 = Release|Any CPU
		{EBF0FA49-39B5-48F0-9E33-389FE14E89A8}.Debug|Any CPU.ActiveCfg = Debug|Any CPU
		{EBF0FA49-39B5-48F0-9E33-389FE14E89A8}.Debug|Any CPU.Build.0 = Debug|Any CPU
		{EBF0FA49-39B5-48F0-9E33-389FE14E89A8}.Release|Any CPU.ActiveCfg = Release|Any CPU
		{EBF0FA49-39B5-48F0-9E33-389FE14E89A8}.Release|Any CPU.Build.0 = Release|Any CPU
	EndGlobalSection
	GlobalSection(NestedProjects) = preSolution
		{EBF0FA49-39B5-48F0-9E33-389FE14E89A8} = {EB0A38AD-A8B1-4A09-852B-A451D2641C54}
	EndGlobalSection
EndGlobal
